// !$*UTF8*$!
{
	archiveVersion = 1;
	classes = {
	};
	objectVersion = 46;
	objects = {

/* Begin PBXBuildFile section */
		C2D24FE11B5CCF1D006B3305 /* AppDelegate.swift in Sources */ = {isa = PBXBuildFile; fileRef = C2D24FE01B5CCF1D006B3305 /* AppDelegate.swift */; };
		C2D24FE31B5CCF1D006B3305 /* ViewController.swift in Sources */ = {isa = PBXBuildFile; fileRef = C2D24FE21B5CCF1D006B3305 /* ViewController.swift */; };
		C2D24FE61B5CCF1D006B3305 /* Main.storyboard in Resources */ = {isa = PBXBuildFile; fileRef = C2D24FE41B5CCF1D006B3305 /* Main.storyboard */; };
		C2D24FE81B5CCF1D006B3305 /* Images.xcassets in Resources */ = {isa = PBXBuildFile; fileRef = C2D24FE71B5CCF1D006B3305 /* Images.xcassets */; };
		C2D24FEB1B5CCF1D006B3305 /* LaunchScreen.xib in Resources */ = {isa = PBXBuildFile; fileRef = C2D24FE91B5CCF1D006B3305 /* LaunchScreen.xib */; };
		C2D24FF71B5CCF1D006B3305 /* git_firstTests.swift in Sources */ = {isa = PBXBuildFile; fileRef = C2D24FF61B5CCF1D006B3305 /* git_firstTests.swift */; };
/* End PBXBuildFile section */

/* Begin PBXContainerItemProxy section */
		C2D24FF11B5CCF1D006B3305 /* PBXContainerItemProxy */ = {
			isa = PBXContainerItemProxy;
			containerPortal = C2D24FD31B5CCF1B006B3305 /* Project object */;
			proxyType = 1;
			remoteGlobalIDString = C2D24FDA1B5CCF1C006B3305;
			remoteInfo = git_first;
		};
/* End PBXContainerItemProxy section */

/* Begin PBXFileReference section */
		C2D24FDB1B5CCF1C006B3305 /* git_first.app */ = {isa = PBXFileReference; explicitFileType = wrapper.application; includeInIndex = 0; path = git_first.app; sourceTree = BUILT_PRODUCTS_DIR; };
		C2D24FDF1B5CCF1D006B3305 /* Info.plist */ = {isa = PBXFileReference; lastKnownFileType = text.plist.xml; path = Info.plist; sourceTree = "<group>"; };
		C2D24FE01B5CCF1D006B3305 /* AppDelegate.swift */ = {isa = PBXFileReference; lastKnownFileType = sourcecode.swift; path = AppDelegate.swift; sourceTree = "<group>"; };
		C2D24FE21B5CCF1D006B3305 /* ViewController.swift */ = {isa = PBXFileReference; lastKnownFileType = sourcecode.swift; path = ViewController.swift; sourceTree = "<group>"; };
		C2D24FE51B5CCF1D006B3305 /* Base */ = {isa = PBXFileReference; lastKnownFileType = file.storyboard; name = Base; path = Base.lproj/Main.storyboard; sourceTree = "<group>"; };
		C2D24FE71B5CCF1D006B3305 /* Images.xcassets */ = {isa = PBXFileReference; lastKnownFileType = folder.assetcatalog; path = Images.xcassets; sourceTree = "<group>"; };
		C2D24FEA1B5CCF1D006B3305 /* Base */ = {isa = PBXFileReference; lastKnownFileType = file.xib; name = Base; path = Base.lproj/LaunchScreen.xib; sourceTree = "<group>"; };
		C2D24FF01B5CCF1D006B3305 /* git_firstTests.xctest */ = {isa = PBXFileReference; explicitFileType = wrapper.cfbundle; includeInIndex = 0; path = git_firstTests.xctest; sourceTree = BUILT_PRODUCTS_DIR; };
		C2D24FF51B5CCF1D006B3305 /* Info.plist */ = {isa = PBXFileReference; lastKnownFileType = text.plist.xml; path = Info.plist; sourceTree = "<group>"; };
		C2D24FF61B5CCF1D006B3305 /* git_firstTests.swift */ = {isa = PBXFileReference; lastKnownFileType = sourcecode.swift; path = git_firstTests.swift; sourceTree = "<group>"; };
/* End PBXFileReference section */

/* Begin PBXFrameworksBuildPhase section */
		C2D24FD81B5CCF1C006B3305 /* Frameworks */ = {
			isa = PBXFrameworksBuildPhase;
			buildActionMask = 2147483647;
			files = (
			);
			runOnlyForDeploymentPostprocessing = 0;
		};
		C2D24FED1B5CCF1D006B3305 /* Frameworks */ = {
			isa = PBXFrameworksBuildPhase;
			buildActionMask = 2147483647;
			files = (
			);
			runOnlyForDeploymentPostprocessing = 0;
		};
/* End PBXFrameworksBuildPhase section */

/* Begin PBXGroup section */
		C2D24FD21B5CCF1B006B3305 = {
			isa = PBXGroup;
			children = (
				C2D24FDD1B5CCF1C006B3305 /* git_first */,
				C2D24FF31B5CCF1D006B3305 /* git_firstTests */,
				C2D24FDC1B5CCF1C006B3305 /* Products */,
			);
			sourceTree = "<group>";
		};
		C2D24FDC1B5CCF1C006B3305 /* Products */ = {
			isa = PBXGroup;
			children = (
				C2D24FDB1B5CCF1C006B3305 /* git_first.app */,
				C2D24FF01B5CCF1D006B3305 /* git_firstTests.xctest */,
			);
			name = Products;
			sourceTree = "<group>";
		};
		C2D24FDD1B5CCF1C006B3305 /* git_first */ = {
			isa = PBXGroup;
			children = (
				C2D24FE01B5CCF1D006B3305 /* AppDelegate.swift */,
				C2D24FE21B5CCF1D006B3305 /* ViewController.swift */,
				C2D24FE41B5CCF1D006B3305 /* Main.storyboard */,
				C2D24FE71B5CCF1D006B3305 /* Images.xcassets */,
				C2D24FE91B5CCF1D006B3305 /* LaunchScreen.xib */,
				C2D24FDE1B5CCF1D006B3305 /* Supporting Files */,
			);
			path = git_first;
			sourceTree = "<group>";
		};
		C2D24FDE1B5CCF1D006B3305 /* Supporting Files */ = {
			isa = PBXGroup;
			children = (
				C2D24FDF1B5CCF1D006B3305 /* Info.plist */,
			);
			name = "Supporting Files";
			sourceTree = "<group>";
		};
		C2D24FF31B5CCF1D006B3305 /* git_firstTests */ = {
			isa = PBXGroup;
			children = (
				C2D24FF61B5CCF1D006B3305 /* git_firstTests.swift */,
				C2D24FF41B5CCF1D006B3305 /* Supporting Files */,
			);
			path = git_firstTests;
			sourceTree = "<group>";
		};
		C2D24FF41B5CCF1D006B3305 /* Supporting Files */ = {
			isa = PBXGroup;
			children = (
				C2D24FF51B5CCF1D006B3305 /* Info.plist */,
			);
			name = "Supporting Files";
			sourceTree = "<group>";
		};
/* End PBXGroup section */

/* Begin PBXNativeTarget section */
		C2D24FDA1B5CCF1C006B3305 /* git_first */ = {
			isa = PBXNativeTarget;
			buildConfigurationList = C2D24FFA1B5CCF1D006B3305 /* Build configuration list for PBXNativeTarget "git_first" */;
			buildPhases = (
				C2D24FD71B5CCF1C006B3305 /* Sources */,
				C2D24FD81B5CCF1C006B3305 /* Frameworks */,
				C2D24FD91B5CCF1C006B3305 /* Resources */,
			);
			buildRules = (
			);
			dependencies = (
			);
			name = git_first;
			productName = git_first;
			productReference = C2D24FDB1B5CCF1C006B3305 /* git_first.app */;
			productType = "com.apple.product-type.application";
		};
		C2D24FEF1B5CCF1D006B3305 /* git_firstTests */ = {
			isa = PBXNativeTarget;
			buildConfigurationList = C2D24FFD1B5CCF1D006B3305 /* Build configuration list for PBXNativeTarget "git_firstTests" */;
			buildPhases = (
				C2D24FEC1B5CCF1D006B3305 /* Sources */,
				C2D24FED1B5CCF1D006B3305 /* Frameworks */,
				C2D24FEE1B5CCF1D006B3305 /* Resources */,
			);
			buildRules = (
			);
			dependencies = (
				C2D24FF21B5CCF1D006B3305 /* PBXTargetDependency */,
			);
			name = git_firstTests;
			productName = git_firstTests;
			productReference = C2D24FF01B5CCF1D006B3305 /* git_firstTests.xctest */;
			productType = "com.apple.product-type.bundle.unit-test";
		};
/* End PBXNativeTarget section */

/* Begin PBXProject section */
		C2D24FD31B5CCF1B006B3305 /* Project object */ = {
			isa = PBXProject;
			attributes = {
				LastUpgradeCheck = 0610;
				ORGANIZATIONNAME = wangxuechao;
				TargetAttributes = {
					C2D24FDA1B5CCF1C006B3305 = {
						CreatedOnToolsVersion = 6.1.1;
					};
					C2D24FEF1B5CCF1D006B3305 = {
						CreatedOnToolsVersion = 6.1.1;
						TestTargetID = C2D24FDA1B5CCF1C006B3305;
					};
				};
			};
			buildConfigurationList = C2D24FD61B5CCF1B006B3305 /* Build configuration list for PBXProject "git_first" */;
			compatibilityVersion = "Xcode 3.2";
			developmentRegion = English;
			hasScannedForEncodings = 0;
			knownRegions = (
				en,
				Base,
			);
			mainGroup = C2D24FD21B5CCF1B006B3305;
			productRefGroup = C2D24FDC1B5CCF1C006B3305 /* Products */;
			projectDirPath = "";
			projectRoot = "";
			targets = (
				C2D24FDA1B5CCF1C006B3305 /* git_first */,
				C2D24FEF1B5CCF1D006B3305 /* git_firstTests */,
			);
		};
/* End PBXProject section */

/* Begin PBXResourcesBuildPhase section */
		C2D24FD91B5CCF1C006B3305 /* Resources */ = {
			isa = PBXResourcesBuildPhase;
			buildActionMask = 2147483647;
			files = (
				C2D24FE61B5CCF1D006B3305 /* Main.storyboard in Resources */,
				C2D24FEB1B5CCF1D006B3305 /* LaunchScreen.xib in Resources */,
				C2D24FE81B5CCF1D006B3305 /* Images.xcassets in Resources */,
			);
			runOnlyForDeploymentPostprocessing = 0;
		};
		C2D24FEE1B5CCF1D006B3305 /* Resources */ = {
			isa = PBXResourcesBuildPhase;
			buildActionMask = 2147483647;
			files = (
			);
			runOnlyForDeploymentPostprocessing = 0;
		};
/* End PBXResourcesBuildPhase section */

/* Begin PBXSourcesBuildPhase section */
		C2D24FD71B5CCF1C006B3305 /* Sources */ = {
			isa = PBXSourcesBuildPhase;
			buildActionMask = 2147483647;
			files = (
				C2D24FE31B5CCF1D006B3305 /* ViewController.swift in Sources */,
				C2D24FE11B5CCF1D006B3305 /* AppDelegate.swift in Sources */,
			);
			runOnlyForDeploymentPostprocessing = 0;
		};
		C2D24FEC1B5CCF1D006B3305 /* Sources */ = {
			isa = PBXSourcesBuildPhase;
			buildActionMask = 2147483647;
			files = (
				C2D24FF71B5CCF1D006B3305 /* git_firstTests.swift in Sources */,
			);
			runOnlyForDeploymentPostprocessing = 0;
		};
/* End PBXSourcesBuildPhase section */

/* Begin PBXTargetDependency section */
		C2D24FF21B5CCF1D006B3305 /* PBXTargetDependency */ = {
			isa = PBXTargetDependency;
			target = C2D24FDA1B5CCF1C006B3305 /* git_first */;
			targetProxy = C2D24FF11B5CCF1D006B3305 /* PBXContainerItemProxy */;
		};
/* End PBXTargetDependency section */

/* Begin PBXVariantGroup section */
		C2D24FE41B5CCF1D006B3305 /* Main.storyboard */ = {
			isa = PBXVariantGroup;
			children = (
				C2D24FE51B5CCF1D006B3305 /* Base */,
			);
			name = Main.storyboard;
			sourceTree = "<group>";
		};
		C2D24FE91B5CCF1D006B3305 /* LaunchScreen.xib */ = {
			isa = PBXVariantGroup;
			children = (
				C2D24FEA1B5CCF1D006B3305 /* Base */,
			);
			name = LaunchScreen.xib;
			sourceTree = "<group>";
		};
/* End PBXVariantGroup section */

/* Begin XCBuildConfiguration section */
		C2D24FF81B5CCF1D006B3305 /* Debug */ = {
			isa = XCBuildConfiguration;
			buildSettings = {
				ALWAYS_SEARCH_USER_PATHS = NO;
				CLANG_CXX_LANGUAGE_STANDARD = "gnu++0x";
				CLANG_CXX_LIBRARY = "libc++";
				CLANG_ENABLE_MODULES = YES;
				CLANG_ENABLE_OBJC_ARC = YES;
				CLANG_WARN_BOOL_CONVERSION = YES;
				CLANG_WARN_CONSTANT_CONVERSION = YES;
				CLANG_WARN_DIRECT_OBJC_ISA_USAGE = YES_ERROR;
				CLANG_WARN_EMPTY_BODY = YES;
				CLANG_WARN_ENUM_CONVERSION = YES;
				CLANG_WARN_INT_CONVERSION = YES;
				CLANG_WARN_OBJC_ROOT_CLASS = YES_ERROR;
				CLANG_WARN_UNREACHABLE_CODE = YES;
				CLANG_WARN__DUPLICATE_METHOD_MATCH = YES;
				"CODE_SIGN_IDENTITY[sdk=iphoneos*]" = "iPhone Developer";
				COPY_PHASE_STRIP = NO;
				ENABLE_STRICT_OBJC_MSGSEND = YES;
				GCC_C_LANGUAGE_STANDARD = gnu99;
				GCC_DYNAMIC_NO_PIC = NO;
				GCC_OPTIMIZATION_LEVEL = 0;
				GCC_PREPROCESSOR_DEFINITIONS = (
					"DEBUG=1",
					"$(inherited)",
				);
				GCC_SYMBOLS_PRIVATE_EXTERN = NO;
				GCC_WARN_64_TO_32_BIT_CONVERSION = YES;
				GCC_WARN_ABOUT_RETURN_TYPE = YES_ERROR;
				GCC_WARN_UNDECLARED_SELECTOR = YES;
				GCC_WARN_UNINITIALIZED_AUTOS = YES_AGGRESSIVE;
				GCC_WARN_UNUSED_FUNCTION = YES;
				GCC_WARN_UNUSED_VARIABLE = YES;
				IPHONEOS_DEPLOYMENT_TARGET = 8.1;
				MTL_ENABLE_DEBUG_INFO = YES;
				ONLY_ACTIVE_ARCH = YES;
				SDKROOT = iphoneos;
				SWIFT_OPTIMIZATION_LEVEL = "-Onone";
			};
			name = Debug;
		};
		C2D24FF91B5CCF1D006B3305 /* Release */ = {
			isa = XCBuildConfiguration;
			buildSettings = {
				ALWAYS_SEARCH_USER_PATHS = NO;
				CLANG_CXX_LANGUAGE_STANDARD = "gnu++0x";
				CLANG_CXX_LIBRARY = "libc++";
				CLANG_ENABLE_MODULES = YES;
				CLANG_ENABLE_OBJC_ARC = YES;
				CLANG_WARN_BOOL_CONVERSION = YES;
				CLANG_WARN_CONSTANT_CONVERSION = YES;
				CLANG_WARN_DIRECT_OBJC_ISA_USAGE = YES_ERROR;
				CLANG_WARN_EMPTY_BODY = YES;
				CLANG_WARN_ENUM_CONVERSION = YES;
				CLANG_WARN_INT_CONVERSION = YES;
				CLANG_WARN_OBJC_ROOT_CLASS = YES_ERROR;
				CLANG_WARN_UNREACHABLE_CODE = YES;
				CLANG_WARN__DUPLICATE_METHOD_MATCH = YES;
				"CODE_SIGN_IDENTITY[sdk=iphoneos*]" = "iPhone Developer";
				COPY_PHASE_STRIP = YES;
				ENABLE_NS_ASSERTIONS = NO;
				ENABLE_STRICT_OBJC_MSGSEND = YES;
				GCC_C_LANGUAGE_STANDARD = gnu99;
				GCC_WARN_64_TO_32_BIT_CONVERSION = YES;
				GCC_WARN_ABOUT_RETURN_TYPE = YES_ERROR;
				GCC_WARN_UNDECLARED_SELECTOR = YES;
				GCC_WARN_UNINITIALIZED_AUTOS = YES_AGGRESSIVE;
				GCC_WARN_UNUSED_FUNCTION = YES;
				GCC_WARN_UNUSED_VARIABLE = YES;
				IPHONEOS_DEPLOYMENT_TARGET = 8.1;
				MTL_ENABLE_DEBUG_INFO = NO;
				SDKROOT = iphoneos;
				VALIDATE_PRODUCT = YES;
			};
			name = Release;
		};
		C2D24FFB1B5CCF1D006B3305 /* Debug */ = {
			isa = XCBuildConfiguration;
			buildSettings = {
				ASSETCATALOG_COMPILER_APPICON_NAME = AppIcon;
				INFOPLIST_FILE = git_first/Info.plist;
				LD_RUNPATH_SEARCH_PATHS = "$(inherited) @executable_path/Frameworks";
				PRODUCT_NAME = "$(TARGET_NAME)";
			};
			name = Debug;
		};
		C2D24FFC1B5CCF1D006B3305 /* Release */ = {
			isa = XCBuildConfiguration;
			buildSettings = {
				ASSETCATALOG_COMPILER_APPICON_NAME = AppIcon;
				INFOPLIST_FILE = git_first/Info.plist;
				LD_RUNPATH_SEARCH_PATHS = "$(inherited) @executable_path/Frameworks";
				PRODUCT_NAME = "$(TARGET_NAME)";
			};
			name = Release;
		};
		C2D24FFE1B5CCF1D006B3305 /* Debug */ = {
			isa = XCBuildConfiguration;
			buildSettings = {
				BUNDLE_LOADER = "$(TEST_HOST)";
				FRAMEWORK_SEARCH_PATHS = (
					"$(SDKROOT)/Developer/Library/Frameworks",
					"$(inherited)",
				);
				GCC_PREPROCESSOR_DEFINITIONS = (
					"DEBUG=1",
					"$(inherited)",
				);
				INFOPLIST_FILE = git_firstTests/Info.plist;
				LD_RUNPATH_SEARCH_PATHS = "$(inherited) @executable_path/Frameworks @loader_path/Frameworks";
				PRODUCT_NAME = "$(TARGET_NAME)";
				TEST_HOST = "$(BUILT_PRODUCTS_DIR)/git_first.app/git_first";
			};
			name = Debug;
		};
		C2D24FFF1B5CCF1D006B3305 /* Release */ = {
			isa = XCBuildConfiguration;
			buildSettings = {
				BUNDLE_LOADER = "$(TEST_HOST)";
				FRAMEWORK_SEARCH_PATHS = (
					"$(SDKROOT)/Developer/Library/Frameworks",
					"$(inherited)",
				);
				INFOPLIST_FILE = git_firstTests/Info.plist;
				LD_RUNPATH_SEARCH_PATHS = "$(inherited) @executable_path/Frameworks @loader_path/Frameworks";
				PRODUCT_NAME = "$(TARGET_NAME)";
				TEST_HOST = "$(BUILT_PRODUCTS_DIR)/git_first.app/git_first";
			};
			name = Release;
		};
/* End XCBuildConfiguration section */

/* Begin XCConfigurationList section */
		C2D24FD61B5CCF1B006B3305 /* Build configuration list for PBXProject "git_first" */ = {
			isa = XCConfigurationList;
			buildConfigurations = (
				C2D24FF81B5CCF1D006B3305 /* Debug */,
				C2D24FF91B5CCF1D006B3305 /* Release */,
			);
			defaultConfigurationIsVisible = 0;
			defaultConfigurationName = Release;
		};
		C2D24FFA1B5CCF1D006B3305 /* Build configuration list for PBXNativeTarget "git_first" */ = {
			isa = XCConfigurationList;
			buildConfigurations = (
				C2D24FFB1B5CCF1D006B3305 /* Debug */,
				C2D24FFC1B5CCF1D006B3305 /* Release */,
			);
			defaultConfigurationIsVisible = 0;
		};
		C2D24FFD1B5CCF1D006B3305 /* Build configuration list for PBXNativeTarget "git_firstTests" */ = {
			isa = XCConfigurationList;
			buildConfigurations = (
				C2D24FFE1B5CCF1D006B3305 /* Debug */,
				C2D24FFF1B5CCF1D006B3305 /* Release */,
			);
			defaultConfigurationIsVisible = 0;
		};
/* End XCConfigurationList section */
	};
	rootObject = C2D24FD31B5CCF1B006B3305 /* Project object */;
}
